
Microsoft Visual Studio Solution File, Format Version 11.00
# Visual Studio 2010
Project("{FAE04EC0-301F-11D3-BF4B-00C04F79EFBC}") = "MarketplacePublisher", "MarketplacePublisher\MarketplacePublisher.csproj", "{878C1702-7A18-4DD6-8AA3-0044B497AD0F}"
EndProject
Project("{FAE04EC0-301F-11D3-BF4B-00C04F79EFBC}") = "MainPublisher-Test", "MainPublisher-Test\MainPublisher-Test.csproj", "{CBC8B0FE-BF97-44DD-A972-EEFDE09509B0}"
EndProject
Project("{FAE04EC0-301F-11D3-BF4B-00C04F79EFBC}") = "BSI-InventoryPreProcessor", "BSI-InventoryPreProcessor\BSI-InventoryPreProcessor.csproj", "{EACADC03-B363-4208-991E-E396DD0E3A3C}"
EndProject
Project("{FAE04EC0-301F-11D3-BF4B-00C04F79EFBC}") = "RMS-AssignPictures2Inventory", "RMS-AssignPictures2Inventory\RMS-AssignPictures2Inventory.csproj", "{C42BFF29-2BA1-4AF5-A273-6A6BC9BBC1B7}"
EndProject
Project("{FAE04EC0-301F-11D3-BF4B-00C04F79EFBC}") = "BSI-eBayOrders", "BSI-eBayOrders\BSI-eBayOrders.csproj", "{7DEAC725-2AAA-4E4E-8ACD-FE802B825353}"
EndProject
Project("{FAE04EC0-301F-11D3-BF4B-00C04F79EFBC}") = "BSI-AmazonShopUsLastOrders", "BSI-AmazonShopUsLastOrders\BSI-AmazonShopUsLastOrders.csproj", "{DCA8C24E-56CD-4DC7-A104-38E3084BA5D5}"
EndProject
Project("{FAE04EC0-301F-11D3-BF4B-00C04F79EFBC}") = "MarketplaceWebServiceOrders", "MarketplaceWebServiceOrders\MarketplaceWebServiceOrders.csproj", "{2AD52941-1F8A-3ED6-9F00-69F6F6AB2803}"
EndProject
Global
	GlobalSection(SolutionConfigurationPlatforms) = preSolution
		Debug|Any CPU = Debug|Any CPU
		Debug|Mixed Platforms = Debug|Mixed Platforms
		Debug|x86 = Debug|x86
		Release|Any CPU = Release|Any CPU
		Release|Mixed Platforms = Release|Mixed Platforms
		Release|x86 = Release|x86
	EndGlobalSection
	GlobalSection(ProjectConfigurationPlatforms) = postSolution
		{878C1702-7A18-4DD6-8AA3-0044B497AD0F}.Debug|Any CPU.ActiveCfg = Debug|x86
		{878C1702-7A18-4DD6-8AA3-0044B497AD0F}.Debug|Mixed Platforms.ActiveCfg = Debug|x86
		{878C1702-7A18-4DD6-8AA3-0044B497AD0F}.Debug|Mixed Platforms.Build.0 = Debug|x86
		{878C1702-7A18-4DD6-8AA3-0044B497AD0F}.Debug|x86.ActiveCfg = Debug|x86
		{878C1702-7A18-4DD6-8AA3-0044B497AD0F}.Debug|x86.Build.0 = Debug|x86
		{878C1702-7A18-4DD6-8AA3-0044B497AD0F}.Release|Any CPU.ActiveCfg = Release|x86
		{878C1702-7A18-4DD6-8AA3-0044B497AD0F}.Release|Mixed Platforms.ActiveCfg = Release|x86
		{878C1702-7A18-4DD6-8AA3-0044B497AD0F}.Release|Mixed Platforms.Build.0 = Release|x86
		{878C1702-7A18-4DD6-8AA3-0044B497AD0F}.Release|x86.ActiveCfg = Release|x86
		{878C1702-7A18-4DD6-8AA3-0044B497AD0F}.Release|x86.Build.0 = Release|x86
		{CBC8B0FE-BF97-44DD-A972-EEFDE09509B0}.Debug|Any CPU.ActiveCfg = Debug|x86
		{CBC8B0FE-BF97-44DD-A972-EEFDE09509B0}.Debug|Mixed Platforms.ActiveCfg = Debug|x86
		{CBC8B0FE-BF97-44DD-A972-EEFDE09509B0}.Debug|Mixed Platforms.Build.0 = Debug|x86
		{CBC8B0FE-BF97-44DD-A972-EEFDE09509B0}.Debug|x86.ActiveCfg = Debug|x86
		{CBC8B0FE-BF97-44DD-A972-EEFDE09509B0}.Debug|x86.Build.0 = Debug|x86
		{CBC8B0FE-BF97-44DD-A972-EEFDE09509B0}.Release|Any CPU.ActiveCfg = Release|x86
		{CBC8B0FE-BF97-44DD-A972-EEFDE09509B0}.Release|Mixed Platforms.ActiveCfg = Release|x86
		{CBC8B0FE-BF97-44DD-A972-EEFDE09509B0}.Release|Mixed Platforms.Build.0 = Release|x86
		{CBC8B0FE-BF97-44DD-A972-EEFDE09509B0}.Release|x86.ActiveCfg = Release|x86
		{CBC8B0FE-BF97-44DD-A972-EEFDE09509B0}.Release|x86.Build.0 = Release|x86
		{EACADC03-B363-4208-991E-E396DD0E3A3C}.Debug|Any CPU.ActiveCfg = Debug|x86
		{EACADC03-B363-4208-991E-E396DD0E3A3C}.Debug|Mixed Platforms.ActiveCfg = Debug|x86
		{EACADC03-B363-4208-991E-E396DD0E3A3C}.Debug|Mixed Platforms.Build.0 = Debug|x86
		{EACADC03-B363-4208-991E-E396DD0E3A3C}.Debug|x86.ActiveCfg = Debug|x86
		{EACADC03-B363-4208-991E-E396DD0E3A3C}.Debug|x86.Build.0 = Debug|x86
		{EACADC03-B363-4208-991E-E396DD0E3A3C}.Release|Any CPU.ActiveCfg = Release|x86
		{EACADC03-B363-4208-991E-E396DD0E3A3C}.Release|Mixed Platforms.ActiveCfg = Release|x86
		{EACADC03-B363-4208-991E-E396DD0E3A3C}.Release|Mixed Platforms.Build.0 = Release|x86
		{EACADC03-B363-4208-991E-E396DD0E3A3C}.Release|x86.ActiveCfg = Release|x86
		{EACADC03-B363-4208-991E-E396DD0E3A3C}.Release|x86.Build.0 = Release|x86
		{C42BFF29-2BA1-4AF5-A273-6A6BC9BBC1B7}.Debug|Any CPU.ActiveCfg = Debug|x86
		{C42BFF29-2BA1-4AF5-A273-6A6BC9BBC1B7}.Debug|Mixed Platforms.ActiveCfg = Debug|x86
		{C42BFF29-2BA1-4AF5-A273-6A6BC9BBC1B7}.Debug|Mixed Platforms.Build.0 = Debug|x86
		{C42BFF29-2BA1-4AF5-A273-6A6BC9BBC1B7}.Debug|x86.ActiveCfg = Debug|x86
		{C42BFF29-2BA1-4AF5-A273-6A6BC9BBC1B7}.Debug|x86.Build.0 = Debug|x86
		{C42BFF29-2BA1-4AF5-A273-6A6BC9BBC1B7}.Release|Any CPU.ActiveCfg = Release|x86
		{C42BFF29-2BA1-4AF5-A273-6A6BC9BBC1B7}.Release|Mixed Platforms.ActiveCfg = Release|x86
		{C42BFF29-2BA1-4AF5-A273-6A6BC9BBC1B7}.Release|Mixed Platforms.Build.0 = Release|x86
		{C42BFF29-2BA1-4AF5-A273-6A6BC9BBC1B7}.Release|x86.ActiveCfg = Release|x86
		{C42BFF29-2BA1-4AF5-A273-6A6BC9BBC1B7}.Release|x86.Build.0 = Release|x86
		{7DEAC725-2AAA-4E4E-8ACD-FE802B825353}.Debug|Any CPU.ActiveCfg = Debug|x86
		{7DEAC725-2AAA-4E4E-8ACD-FE802B825353}.Debug|Mixed Platforms.ActiveCfg = Debug|x86
		{7DEAC725-2AAA-4E4E-8ACD-FE802B825353}.Debug|Mixed Platforms.Build.0 = Debug|x86
		{7DEAC725-2AAA-4E4E-8ACD-FE802B825353}.Debug|x86.ActiveCfg = Debug|x86
		{7DEAC725-2AAA-4E4E-8ACD-FE802B825353}.Debug|x86.Build.0 = Debug|x86
		{7DEAC725-2AAA-4E4E-8ACD-FE802B825353}.Release|Any CPU.ActiveCfg = Release|x86
		{7DEAC725-2AAA-4E4E-8ACD-FE802B825353}.Release|Mixed Platforms.ActiveCfg = Release|x86
		{7DEAC725-2AAA-4E4E-8ACD-FE802B825353}.Release|Mixed Platforms.Build.0 = Release|x86
		{7DEAC725-2AAA-4E4E-8ACD-FE802B825353}.Release|x86.ActiveCfg = Release|x86
		{7DEAC725-2AAA-4E4E-8ACD-FE802B825353}.Release|x86.Build.0 = Release|x86
		{DCA8C24E-56CD-4DC7-A104-38E3084BA5D5}.Debug|Any CPU.ActiveCfg = Debug|Any CPU
		{DCA8C24E-56CD-4DC7-A104-38E3084BA5D5}.Debug|Any CPU.Build.0 = Debug|Any CPU
		{DCA8C24E-56CD-4DC7-A104-38E3084BA5D5}.Debug|Mixed Platforms.ActiveCfg = Debug|Any CPU
		{DCA8C24E-56CD-4DC7-A104-38E3084BA5D5}.Debug|Mixed Platforms.Build.0 = Debug|Any CPU
		{DCA8C24E-56CD-4DC7-A104-38E3084BA5D5}.Debug|x86.ActiveCfg = Debug|Any CPU
		{DCA8C24E-56CD-4DC7-A104-38E3084BA5D5}.Release|Any CPU.ActiveCfg = Release|Any CPU
		{DCA8C24E-56CD-4DC7-A104-38E3084BA5D5}.Release|Any CPU.Build.0 = Release|Any CPU
		{DCA8C24E-56CD-4DC7-A104-38E3084BA5D5}.Release|Mixed Platforms.ActiveCfg = Release|Any CPU
		{DCA8C24E-56CD-4DC7-A104-38E3084BA5D5}.Release|Mixed Platforms.Build.0 = Release|Any CPU
		{DCA8C24E-56CD-4DC7-A104-38E3084BA5D5}.Release|x86.ActiveCfg = Release|Any CPU
		{2AD52941-1F8A-3ED6-9F00-69F6F6AB2803}.Debug|Any CPU.ActiveCfg = Debug|Any CPU
		{2AD52941-1F8A-3ED6-9F00-69F6F6AB2803}.Debug|Any CPU.Build.0 = Debug|Any CPU
		{2AD52941-1F8A-3ED6-9F00-69F6F6AB2803}.Debug|Mixed Platforms.ActiveCfg = Debug|Any CPU
		{2AD52941-1F8A-3ED6-9F00-69F6F6AB2803}.Debug|Mixed Platforms.Build.0 = Debug|Any CPU
		{2AD52941-1F8A-3ED6-9F00-69F6F6AB2803}.Debug|x86.ActiveCfg = Debug|Any CPU
		{2AD52941-1F8A-3ED6-9F00-69F6F6AB2803}.Release|Any CPU.ActiveCfg = Release|Any CPU
		{2AD52941-1F8A-3ED6-9F00-69F6F6AB2803}.Release|Any CPU.Build.0 = Release|Any CPU
		{2AD52941-1F8A-3ED6-9F00-69F6F6AB2803}.Release|Mixed Platforms.ActiveCfg = Release|Any CPU
		{2AD52941-1F8A-3ED6-9F00-69F6F6AB2803}.Release|Mixed Platforms.Build.0 = Release|Any CPU
		{2AD52941-1F8A-3ED6-9F00-69F6F6AB2803}.Release|x86.ActiveCfg = Release|Any CPU
	EndGlobalSection
	GlobalSection(SolutionProperties) = preSolution
		HideSolutionNode = FALSE
	EndGlobalSection
EndGlobal
